// !$*UTF8*$!
{
	archiveVersion = 1;
	classes = {
	};
	objectVersion = 55;
	objects = {

/* Begin PBXBuildFile section */
		2F3452FE2AFAE52F00AE05EF /* HabitsDataBinding.swift in Sources */ = {isa = PBXBuildFile; fileRef = 2F3452FD2AFAE52F00AE05EF /* HabitsDataBinding.swift */; };
		2F9BE49B2AD93616006158F8 /* hello WatchKit App.app in Embed Watch Content */ = {isa = PBXBuildFile; fileRef = 2F9BE49A2AD93616006158F8 /* hello WatchKit App.app */; settings = {ATTRIBUTES = (RemoveHeadersOnCopy, ); }; };
		2F9BE4A02AD9361A006158F8 /* Assets.xcassets in Resources */ = {isa = PBXBuildFile; fileRef = 2F9BE49F2AD9361A006158F8 /* Assets.xcassets */; };
		2F9BE4A62AD9361A006158F8 /* hello WatchKit Extension.appex in Embed App Extensions */ = {isa = PBXBuildFile; fileRef = 2F9BE4A52AD9361A006158F8 /* hello WatchKit Extension.appex */; settings = {ATTRIBUTES = (RemoveHeadersOnCopy, ); }; };
		2F9BE4AB2AD9361A006158F8 /* helloApp.swift in Sources */ = {isa = PBXBuildFile; fileRef = 2F9BE4AA2AD9361A006158F8 /* helloApp.swift */; };
		2F9BE4AD2AD9361A006158F8 /* ContentView.swift in Sources */ = {isa = PBXBuildFile; fileRef = 2F9BE4AC2AD9361A006158F8 /* ContentView.swift */; };
		2F9BE4AF2AD9361A006158F8 /* NotificationController.swift in Sources */ = {isa = PBXBuildFile; fileRef = 2F9BE4AE2AD9361A006158F8 /* NotificationController.swift */; };
		2F9BE4B12AD9361A006158F8 /* NotificationView.swift in Sources */ = {isa = PBXBuildFile; fileRef = 2F9BE4B02AD9361A006158F8 /* NotificationView.swift */; };
		2F9BE4B32AD9361A006158F8 /* ComplicationController.swift in Sources */ = {isa = PBXBuildFile; fileRef = 2F9BE4B22AD9361A006158F8 /* ComplicationController.swift */; };
		2F9BE4B52AD9361B006158F8 /* Assets.xcassets in Resources */ = {isa = PBXBuildFile; fileRef = 2F9BE4B42AD9361B006158F8 /* Assets.xcassets */; };
		2F9BE4B82AD9361B006158F8 /* Preview Assets.xcassets in Resources */ = {isa = PBXBuildFile; fileRef = 2F9BE4B72AD9361B006158F8 /* Preview Assets.xcassets */; };
		2F9BE4C42AD9361B006158F8 /* helloTests.swift in Sources */ = {isa = PBXBuildFile; fileRef = 2F9BE4C32AD9361B006158F8 /* helloTests.swift */; };
		2F9BE4CE2AD9361B006158F8 /* helloUITests.swift in Sources */ = {isa = PBXBuildFile; fileRef = 2F9BE4CD2AD9361B006158F8 /* helloUITests.swift */; };
		2F9BE4D02AD9361B006158F8 /* helloUITestsLaunchTests.swift in Sources */ = {isa = PBXBuildFile; fileRef = 2F9BE4CF2AD9361B006158F8 /* helloUITestsLaunchTests.swift */; };
		2FB30BAC2AEB8E5300033DC6 /* SelectiReminderView.swift in Sources */ = {isa = PBXBuildFile; fileRef = 2FB30BAB2AEB8E5300033DC6 /* SelectiReminderView.swift */; };
		2FBC7C612AEE107400AF9426 /* ReminderJobs.swift in Sources */ = {isa = PBXBuildFile; fileRef = 2FBC7C602AEE107400AF9426 /* ReminderJobs.swift */; };
/* End PBXBuildFile section */

/* Begin PBXContainerItemProxy section */
		2F9BE49C2AD93616006158F8 /* PBXContainerItemProxy */ = {
			isa = PBXContainerItemProxy;
			containerPortal = 2F9BE4902AD93615006158F8 /* Project object */;
			proxyType = 1;
			remoteGlobalIDString = 2F9BE4992AD93616006158F8;
			remoteInfo = "hello WatchKit App";
		};
		2F9BE4A72AD9361A006158F8 /* PBXContainerItemProxy */ = {
			isa = PBXContainerItemProxy;
			containerPortal = 2F9BE4902AD93615006158F8 /* Project object */;
			proxyType = 1;
			remoteGlobalIDString = 2F9BE4A42AD9361A006158F8;
			remoteInfo = "hello WatchKit Extension";
		};
		2F9BE4C02AD9361B006158F8 /* PBXContainerItemProxy */ = {
			isa = PBXContainerItemProxy;
			containerPortal = 2F9BE4902AD93615006158F8 /* Project object */;
			proxyType = 1;
			remoteGlobalIDString = 2F9BE4A42AD9361A006158F8;
			remoteInfo = "hello WatchKit Extension";
		};
		2F9BE4CA2AD9361B006158F8 /* PBXContainerItemProxy */ = {
			isa = PBXContainerItemProxy;
			containerPortal = 2F9BE4902AD93615006158F8 /* Project object */;
			proxyType = 1;
			remoteGlobalIDString = 2F9BE4992AD93616006158F8;
			remoteInfo = "hello WatchKit App";
		};
/* End PBXContainerItemProxy section */

/* Begin PBXCopyFilesBuildPhase section */
		2F9BE4D62AD9361B006158F8 /* Embed App Extensions */ = {
			isa = PBXCopyFilesBuildPhase;
			buildActionMask = 2147483647;
			dstPath = "";
			dstSubfolderSpec = 13;
			files = (
				2F9BE4A62AD9361A006158F8 /* hello WatchKit Extension.appex in Embed App Extensions */,
			);
			name = "Embed App Extensions";
			runOnlyForDeploymentPostprocessing = 0;
		};
		2F9BE4DA2AD9361B006158F8 /* Embed Watch Content */ = {
			isa = PBXCopyFilesBuildPhase;
			buildActionMask = 2147483647;
			dstPath = "$(CONTENTS_FOLDER_PATH)/Watch";
			dstSubfolderSpec = 16;
			files = (
				2F9BE49B2AD93616006158F8 /* hello WatchKit App.app in Embed Watch Content */,
			);
			name = "Embed Watch Content";
			runOnlyForDeploymentPostprocessing = 0;
		};
/* End PBXCopyFilesBuildPhase section */

/* Begin PBXFileReference section */
		2F3452FD2AFAE52F00AE05EF /* HabitsDataBinding.swift */ = {isa = PBXFileReference; lastKnownFileType = sourcecode.swift; path = HabitsDataBinding.swift; sourceTree = "<group>"; };
		2F9BE4962AD93616006158F8 /* hello.app */ = {isa = PBXFileReference; explicitFileType = wrapper.application; includeInIndex = 0; path = hello.app; sourceTree = BUILT_PRODUCTS_DIR; };
		2F9BE49A2AD93616006158F8 /* hello WatchKit App.app */ = {isa = PBXFileReference; explicitFileType = wrapper.application; includeInIndex = 0; path = "hello WatchKit App.app"; sourceTree = BUILT_PRODUCTS_DIR; };
		2F9BE49F2AD9361A006158F8 /* Assets.xcassets */ = {isa = PBXFileReference; lastKnownFileType = folder.assetcatalog; path = Assets.xcassets; sourceTree = "<group>"; };
		2F9BE4A52AD9361A006158F8 /* hello WatchKit Extension.appex */ = {isa = PBXFileReference; explicitFileType = "wrapper.app-extension"; includeInIndex = 0; path = "hello WatchKit Extension.appex"; sourceTree = BUILT_PRODUCTS_DIR; };
		2F9BE4AA2AD9361A006158F8 /* helloApp.swift */ = {isa = PBXFileReference; lastKnownFileType = sourcecode.swift; path = helloApp.swift; sourceTree = "<group>"; };
		2F9BE4AC2AD9361A006158F8 /* ContentView.swift */ = {isa = PBXFileReference; lastKnownFileType = sourcecode.swift; path = ContentView.swift; sourceTree = "<group>"; };
		2F9BE4AE2AD9361A006158F8 /* NotificationController.swift */ = {isa = PBXFileReference; lastKnownFileType = sourcecode.swift; path = NotificationController.swift; sourceTree = "<group>"; };
		2F9BE4B02AD9361A006158F8 /* NotificationView.swift */ = {isa = PBXFileReference; lastKnownFileType = sourcecode.swift; path = NotificationView.swift; sourceTree = "<group>"; };
		2F9BE4B22AD9361A006158F8 /* ComplicationController.swift */ = {isa = PBXFileReference; lastKnownFileType = sourcecode.swift; path = ComplicationController.swift; sourceTree = "<group>"; };
		2F9BE4B42AD9361B006158F8 /* Assets.xcassets */ = {isa = PBXFileReference; lastKnownFileType = folder.assetcatalog; path = Assets.xcassets; sourceTree = "<group>"; };
		2F9BE4B72AD9361B006158F8 /* Preview Assets.xcassets */ = {isa = PBXFileReference; lastKnownFileType = folder.assetcatalog; path = "Preview Assets.xcassets"; sourceTree = "<group>"; };
		2F9BE4B92AD9361B006158F8 /* Info.plist */ = {isa = PBXFileReference; lastKnownFileType = text.plist.xml; path = Info.plist; sourceTree = "<group>"; };
		2F9BE4BA2AD9361B006158F8 /* PushNotificationPayload.apns */ = {isa = PBXFileReference; lastKnownFileType = text; path = PushNotificationPayload.apns; sourceTree = "<group>"; };
		2F9BE4BF2AD9361B006158F8 /* helloTests.xctest */ = {isa = PBXFileReference; explicitFileType = wrapper.cfbundle; includeInIndex = 0; path = helloTests.xctest; sourceTree = BUILT_PRODUCTS_DIR; };
		2F9BE4C32AD9361B006158F8 /* helloTests.swift */ = {isa = PBXFileReference; lastKnownFileType = sourcecode.swift; path = helloTests.swift; sourceTree = "<group>"; };
		2F9BE4C92AD9361B006158F8 /* helloUITests.xctest */ = {isa = PBXFileReference; explicitFileType = wrapper.cfbundle; includeInIndex = 0; path = helloUITests.xctest; sourceTree = BUILT_PRODUCTS_DIR; };
		2F9BE4CD2AD9361B006158F8 /* helloUITests.swift */ = {isa = PBXFileReference; lastKnownFileType = sourcecode.swift; path = helloUITests.swift; sourceTree = "<group>"; };
		2F9BE4CF2AD9361B006158F8 /* helloUITestsLaunchTests.swift */ = {isa = PBXFileReference; lastKnownFileType = sourcecode.swift; path = helloUITestsLaunchTests.swift; sourceTree = "<group>"; };
		2FB30BAB2AEB8E5300033DC6 /* SelectiReminderView.swift */ = {isa = PBXFileReference; lastKnownFileType = sourcecode.swift; path = SelectiReminderView.swift; sourceTree = "<group>"; };
		2FBC7C602AEE107400AF9426 /* ReminderJobs.swift */ = {isa = PBXFileReference; lastKnownFileType = sourcecode.swift; path = ReminderJobs.swift; sourceTree = "<group>"; };
/* End PBXFileReference section */

/* Begin PBXFrameworksBuildPhase section */
		2F9BE4A22AD9361A006158F8 /* Frameworks */ = {
			isa = PBXFrameworksBuildPhase;
			buildActionMask = 2147483647;
			files = (
			);
			runOnlyForDeploymentPostprocessing = 0;
		};
		2F9BE4BC2AD9361B006158F8 /* Frameworks */ = {
			isa = PBXFrameworksBuildPhase;
			buildActionMask = 2147483647;
			files = (
			);
			runOnlyForDeploymentPostprocessing = 0;
		};
		2F9BE4C62AD9361B006158F8 /* Frameworks */ = {
			isa = PBXFrameworksBuildPhase;
			buildActionMask = 2147483647;
			files = (
			);
			runOnlyForDeploymentPostprocessing = 0;
		};
/* End PBXFrameworksBuildPhase section */

/* Begin PBXGroup section */
		2F9BE48F2AD93615006158F8 = {
			isa = PBXGroup;
			children = (
				2F9BE49E2AD93616006158F8 /* hello WatchKit App */,
				2F9BE4A92AD9361A006158F8 /* hello WatchKit Extension */,
				2F9BE4C22AD9361B006158F8 /* helloTests */,
				2F9BE4CC2AD9361B006158F8 /* helloUITests */,
				2F9BE4972AD93616006158F8 /* Products */,
			);
			sourceTree = "<group>";
		};
		2F9BE4972AD93616006158F8 /* Products */ = {
			isa = PBXGroup;
			children = (
				2F9BE4962AD93616006158F8 /* hello.app */,
				2F9BE49A2AD93616006158F8 /* hello WatchKit App.app */,
				2F9BE4A52AD9361A006158F8 /* hello WatchKit Extension.appex */,
				2F9BE4BF2AD9361B006158F8 /* helloTests.xctest */,
				2F9BE4C92AD9361B006158F8 /* helloUITests.xctest */,
			);
			name = Products;
			sourceTree = "<group>";
		};
		2F9BE49E2AD93616006158F8 /* hello WatchKit App */ = {
			isa = PBXGroup;
			children = (
				2F9BE49F2AD9361A006158F8 /* Assets.xcassets */,
			);
			path = "hello WatchKit App";
			sourceTree = "<group>";
		};
		2F9BE4A92AD9361A006158F8 /* hello WatchKit Extension */ = {
			isa = PBXGroup;
			children = (
				2F9BE4AA2AD9361A006158F8 /* helloApp.swift */,
				2FB30BAB2AEB8E5300033DC6 /* SelectiReminderView.swift */,
				2F9BE4AC2AD9361A006158F8 /* ContentView.swift */,
				2F9BE4AE2AD9361A006158F8 /* NotificationController.swift */,
				2F9BE4B02AD9361A006158F8 /* NotificationView.swift */,
				2FBC7C602AEE107400AF9426 /* ReminderJobs.swift */,
				2F9BE4B22AD9361A006158F8 /* ComplicationController.swift */,
				2F9BE4B42AD9361B006158F8 /* Assets.xcassets */,
				2F9BE4B92AD9361B006158F8 /* Info.plist */,
				2F9BE4BA2AD9361B006158F8 /* PushNotificationPayload.apns */,
				2F9BE4B62AD9361B006158F8 /* Preview Content */,
				2F3452FD2AFAE52F00AE05EF /* HabitsDataBinding.swift */,
			);
			path = "hello WatchKit Extension";
			sourceTree = "<group>";
		};
		2F9BE4B62AD9361B006158F8 /* Preview Content */ = {
			isa = PBXGroup;
			children = (
				2F9BE4B72AD9361B006158F8 /* Preview Assets.xcassets */,
			);
			path = "Preview Content";
			sourceTree = "<group>";
		};
		2F9BE4C22AD9361B006158F8 /* helloTests */ = {
			isa = PBXGroup;
			children = (
				2F9BE4C32AD9361B006158F8 /* helloTests.swift */,
			);
			path = helloTests;
			sourceTree = "<group>";
		};
		2F9BE4CC2AD9361B006158F8 /* helloUITests */ = {
			isa = PBXGroup;
			children = (
				2F9BE4CD2AD9361B006158F8 /* helloUITests.swift */,
				2F9BE4CF2AD9361B006158F8 /* helloUITestsLaunchTests.swift */,
			);
			path = helloUITests;
			sourceTree = "<group>";
		};
/* End PBXGroup section */

/* Begin PBXNativeTarget section */
		2F9BE4952AD93616006158F8 /* hello */ = {
			isa = PBXNativeTarget;
			buildConfigurationList = 2F9BE4DB2AD9361B006158F8 /* Build configuration list for PBXNativeTarget "hello" */;
			buildPhases = (
				2F9BE4942AD93616006158F8 /* Resources */,
				2F9BE4DA2AD9361B006158F8 /* Embed Watch Content */,
			);
			buildRules = (
			);
			dependencies = (
				2F9BE49D2AD93616006158F8 /* PBXTargetDependency */,
			);
			name = hello;
			productName = hello;
			productReference = 2F9BE4962AD93616006158F8 /* hello.app */;
			productType = "com.apple.product-type.application.watchapp2-container";
		};
		2F9BE4992AD93616006158F8 /* hello WatchKit App */ = {
			isa = PBXNativeTarget;
			buildConfigurationList = 2F9BE4D72AD9361B006158F8 /* Build configuration list for PBXNativeTarget "hello WatchKit App" */;
			buildPhases = (
				2F9BE4982AD93616006158F8 /* Resources */,
				2F9BE4D62AD9361B006158F8 /* Embed App Extensions */,
			);
			buildRules = (
			);
			dependencies = (
				2F9BE4A82AD9361A006158F8 /* PBXTargetDependency */,
			);
			name = "hello WatchKit App";
			productName = "hello WatchKit App";
			productReference = 2F9BE49A2AD93616006158F8 /* hello WatchKit App.app */;
			productType = "com.apple.product-type.application.watchapp2";
		};
		2F9BE4A42AD9361A006158F8 /* hello WatchKit Extension */ = {
			isa = PBXNativeTarget;
			buildConfigurationList = 2F9BE4D32AD9361B006158F8 /* Build configuration list for PBXNativeTarget "hello WatchKit Extension" */;
			buildPhases = (
				2F9BE4A12AD9361A006158F8 /* Sources */,
				2F9BE4A22AD9361A006158F8 /* Frameworks */,
				2F9BE4A32AD9361A006158F8 /* Resources */,
			);
			buildRules = (
			);
			dependencies = (
			);
			name = "hello WatchKit Extension";
			productName = "hello WatchKit Extension";
			productReference = 2F9BE4A52AD9361A006158F8 /* hello WatchKit Extension.appex */;
			productType = "com.apple.product-type.watchkit2-extension";
		};
		2F9BE4BE2AD9361B006158F8 /* helloTests */ = {
			isa = PBXNativeTarget;
			buildConfigurationList = 2F9BE4DE2AD9361B006158F8 /* Build configuration list for PBXNativeTarget "helloTests" */;
			buildPhases = (
				2F9BE4BB2AD9361B006158F8 /* Sources */,
				2F9BE4BC2AD9361B006158F8 /* Frameworks */,
				2F9BE4BD2AD9361B006158F8 /* Resources */,
			);
			buildRules = (
			);
			dependencies = (
				2F9BE4C12AD9361B006158F8 /* PBXTargetDependency */,
			);
			name = helloTests;
			productName = helloTests;
			productReference = 2F9BE4BF2AD9361B006158F8 /* helloTests.xctest */;
			productType = "com.apple.product-type.bundle.unit-test";
		};
		2F9BE4C82AD9361B006158F8 /* helloUITests */ = {
			isa = PBXNativeTarget;
			buildConfigurationList = 2F9BE4E12AD9361B006158F8 /* Build configuration list for PBXNativeTarget "helloUITests" */;
			buildPhases = (
				2F9BE4C52AD9361B006158F8 /* Sources */,
				2F9BE4C62AD9361B006158F8 /* Frameworks */,
				2F9BE4C72AD9361B006158F8 /* Resources */,
			);
			buildRules = (
			);
			dependencies = (
				2F9BE4CB2AD9361B006158F8 /* PBXTargetDependency */,
			);
			name = helloUITests;
			productName = helloUITests;
			productReference = 2F9BE4C92AD9361B006158F8 /* helloUITests.xctest */;
			productType = "com.apple.product-type.bundle.ui-testing";
		};
/* End PBXNativeTarget section */

/* Begin PBXProject section */
		2F9BE4902AD93615006158F8 /* Project object */ = {
			isa = PBXProject;
			attributes = {
				BuildIndependentTargetsInParallel = 1;
				LastSwiftUpdateCheck = 1340;
				LastUpgradeCheck = 1340;
				TargetAttributes = {
					2F9BE4952AD93616006158F8 = {
						CreatedOnToolsVersion = 13.4.1;
					};
					2F9BE4992AD93616006158F8 = {
						CreatedOnToolsVersion = 13.4.1;
					};
					2F9BE4A42AD9361A006158F8 = {
						CreatedOnToolsVersion = 13.4.1;
					};
					2F9BE4BE2AD9361B006158F8 = {
						CreatedOnToolsVersion = 13.4.1;
						TestTargetID = 2F9BE4A42AD9361A006158F8;
					};
					2F9BE4C82AD9361B006158F8 = {
						CreatedOnToolsVersion = 13.4.1;
						TestTargetID = 2F9BE4992AD93616006158F8;
					};
				};
			};
			buildConfigurationList = 2F9BE4932AD93615006158F8 /* Build configuration list for PBXProject "hello" */;
			compatibilityVersion = "Xcode 13.0";
			developmentRegion = en;
			hasScannedForEncodings = 0;
			knownRegions = (
				en,
				Base,
			);
			mainGroup = 2F9BE48F2AD93615006158F8;
			productRefGroup = 2F9BE4972AD93616006158F8 /* Products */;
			projectDirPath = "";
			projectRoot = "";
			targets = (
				2F9BE4952AD93616006158F8 /* hello */,
				2F9BE4992AD93616006158F8 /* hello WatchKit App */,
				2F9BE4A42AD9361A006158F8 /* hello WatchKit Extension */,
				2F9BE4BE2AD9361B006158F8 /* helloTests */,
				2F9BE4C82AD9361B006158F8 /* helloUITests */,
			);
		};
/* End PBXProject section */

/* Begin PBXResourcesBuildPhase section */
		2F9BE4942AD93616006158F8 /* Resources */ = {
			isa = PBXResourcesBuildPhase;
			buildActionMask = 2147483647;
			files = (
			);
			runOnlyForDeploymentPostprocessing = 0;
		};
		2F9BE4982AD93616006158F8 /* Resources */ = {
			isa = PBXResourcesBuildPhase;
			buildActionMask = 2147483647;
			files = (
				2F9BE4A02AD9361A006158F8 /* Assets.xcassets in Resources */,
			);
			runOnlyForDeploymentPostprocessing = 0;
		};
		2F9BE4A32AD9361A006158F8 /* Resources */ = {
			isa = PBXResourcesBuildPhase;
			buildActionMask = 2147483647;
			files = (
				2F9BE4B82AD9361B006158F8 /* Preview Assets.xcassets in Resources */,
				2F9BE4B52AD9361B006158F8 /* Assets.xcassets in Resources */,
			);
			runOnlyForDeploymentPostprocessing = 0;
		};
		2F9BE4BD2AD9361B006158F8 /* Resources */ = {
			isa = PBXResourcesBuildPhase;
			buildActionMask = 2147483647;
			files = (
			);
			runOnlyForDeploymentPostprocessing = 0;
		};
		2F9BE4C72AD9361B006158F8 /* Resources */ = {
			isa = PBXResourcesBuildPhase;
			buildActionMask = 2147483647;
			files = (
			);
			runOnlyForDeploymentPostprocessing = 0;
		};
/* End PBXResourcesBuildPhase section */

/* Begin PBXSourcesBuildPhase section */
		2F9BE4A12AD9361A006158F8 /* Sources */ = {
			isa = PBXSourcesBuildPhase;
			buildActionMask = 2147483647;
			files = (
				2F9BE4AF2AD9361A006158F8 /* NotificationController.swift in Sources */,
				2F9BE4AD2AD9361A006158F8 /* ContentView.swift in Sources */,
				2F3452FE2AFAE52F00AE05EF /* HabitsDataBinding.swift in Sources */,
				2F9BE4B32AD9361A006158F8 /* ComplicationController.swift in Sources */,
				2F9BE4AB2AD9361A006158F8 /* helloApp.swift in Sources */,
				2FB30BAC2AEB8E5300033DC6 /* SelectiReminderView.swift in Sources */,
				2FBC7C612AEE107400AF9426 /* ReminderJobs.swift in Sources */,
				2F9BE4B12AD9361A006158F8 /* NotificationView.swift in Sources */,
			);
			runOnlyForDeploymentPostprocessing = 0;
		};
		2F9BE4BB2AD9361B006158F8 /* Sources */ = {
			isa = PBXSourcesBuildPhase;
			buildActionMask = 2147483647;
			files = (
				2F9BE4C42AD9361B006158F8 /* helloTests.swift in Sources */,
			);
			runOnlyForDeploymentPostprocessing = 0;
		};
		2F9BE4C52AD9361B006158F8 /* Sources */ = {
			isa = PBXSourcesBuildPhase;
			buildActionMask = 2147483647;
			files = (
				2F9BE4CE2AD9361B006158F8 /* helloUITests.swift in Sources */,
				2F9BE4D02AD9361B006158F8 /* helloUITestsLaunchTests.swift in Sources */,
			);
			runOnlyForDeploymentPostprocessing = 0;
		};
/* End PBXSourcesBuildPhase section */

/* Begin PBXTargetDependency section */
		2F9BE49D2AD93616006158F8 /* PBXTargetDependency */ = {
			isa = PBXTargetDependency;
			target = 2F9BE4992AD93616006158F8 /* hello WatchKit App */;
			targetProxy = 2F9BE49C2AD93616006158F8 /* PBXContainerItemProxy */;
		};
		2F9BE4A82AD9361A006158F8 /* PBXTargetDependency */ = {
			isa = PBXTargetDependency;
			target = 2F9BE4A42AD9361A006158F8 /* hello WatchKit Extension */;
			targetProxy = 2F9BE4A72AD9361A006158F8 /* PBXContainerItemProxy */;
		};
		2F9BE4C12AD9361B006158F8 /* PBXTargetDependency */ = {
			isa = PBXTargetDependency;
			target = 2F9BE4A42AD9361A006158F8 /* hello WatchKit Extension */;
			targetProxy = 2F9BE4C02AD9361B006158F8 /* PBXContainerItemProxy */;
		};
		2F9BE4CB2AD9361B006158F8 /* PBXTargetDependency */ = {
			isa = PBXTargetDependency;
			target = 2F9BE4992AD93616006158F8 /* hello WatchKit App */;
			targetProxy = 2F9BE4CA2AD9361B006158F8 /* PBXContainerItemProxy */;
		};
/* End PBXTargetDependency section */

/* Begin XCBuildConfiguration section */
		2F9BE4D12AD9361B006158F8 /* Debug */ = {
			isa = XCBuildConfiguration;
			buildSettings = {
				ALWAYS_SEARCH_USER_PATHS = NO;
				CLANG_ANALYZER_NONNULL = YES;
				CLANG_ANALYZER_NUMBER_OBJECT_CONVERSION = YES_AGGRESSIVE;
				CLANG_CXX_LANGUAGE_STANDARD = "gnu++17";
				CLANG_ENABLE_MODULES = YES;
				CLANG_ENABLE_OBJC_ARC = YES;
				CLANG_ENABLE_OBJC_WEAK = YES;
				CLANG_WARN_BLOCK_CAPTURE_AUTORELEASING = YES;
				CLANG_WARN_BOOL_CONVERSION = YES;
				CLANG_WARN_COMMA = YES;
				CLANG_WARN_CONSTANT_CONVERSION = YES;
				CLANG_WARN_DEPRECATED_OBJC_IMPLEMENTATIONS = YES;
				CLANG_WARN_DIRECT_OBJC_ISA_USAGE = YES_ERROR;
				CLANG_WARN_DOCUMENTATION_COMMENTS = YES;
				CLANG_WARN_EMPTY_BODY = YES;
				CLANG_WARN_ENUM_CONVERSION = YES;
				CLANG_WARN_INFINITE_RECURSION = YES;
				CLANG_WARN_INT_CONVERSION = YES;
				CLANG_WARN_NON_LITERAL_NULL_CONVERSION = YES;
				CLANG_WARN_OBJC_IMPLICIT_RETAIN_SELF = YES;
				CLANG_WARN_OBJC_LITERAL_CONVERSION = YES;
				CLANG_WARN_OBJC_ROOT_CLASS = YES_ERROR;
				CLANG_WARN_QUOTED_INCLUDE_IN_FRAMEWORK_HEADER = YES;
				CLANG_WARN_RANGE_LOOP_ANALYSIS = YES;
				CLANG_WARN_STRICT_PROTOTYPES = YES;
				CLANG_WARN_SUSPICIOUS_MOVE = YES;
				CLANG_WARN_UNGUARDED_AVAILABILITY = YES_AGGRESSIVE;
				CLANG_WARN_UNREACHABLE_CODE = YES;
				CLANG_WARN__DUPLICATE_METHOD_MATCH = YES;
				COPY_PHASE_STRIP = NO;
				DEBUG_INFORMATION_FORMAT = dwarf;
				ENABLE_STRICT_OBJC_MSGSEND = YES;
				ENABLE_TESTABILITY = YES;
				GCC_C_LANGUAGE_STANDARD = gnu11;
				GCC_DYNAMIC_NO_PIC = NO;
				GCC_NO_COMMON_BLOCKS = YES;
				GCC_OPTIMIZATION_LEVEL = 0;
				GCC_PREPROCESSOR_DEFINITIONS = (
					"DEBUG=1",
					"$(inherited)",
				);
				GCC_WARN_64_TO_32_BIT_CONVERSION = YES;
				GCC_WARN_ABOUT_RETURN_TYPE = YES_ERROR;
				GCC_WARN_UNDECLARED_SELECTOR = YES;
				GCC_WARN_UNINITIALIZED_AUTOS = YES_AGGRESSIVE;
				GCC_WARN_UNUSED_FUNCTION = YES;
				GCC_WARN_UNUSED_VARIABLE = YES;
				MTL_ENABLE_DEBUG_INFO = INCLUDE_SOURCE;
				MTL_FAST_MATH = YES;
				ONLY_ACTIVE_ARCH = YES;
				SDKROOT = iphoneos;
				SWIFT_ACTIVE_COMPILATION_CONDITIONS = DEBUG;
				SWIFT_OPTIMIZATION_LEVEL = "-Onone";
			};
			name = Debug;
		};
		2F9BE4D22AD9361B006158F8 /* Release */ = {
			isa = XCBuildConfiguration;
			buildSettings = {
				ALWAYS_SEARCH_USER_PATHS = NO;
				CLANG_ANALYZER_NONNULL = YES;
				CLANG_ANALYZER_NUMBER_OBJECT_CONVERSION = YES_AGGRESSIVE;
				CLANG_CXX_LANGUAGE_STANDARD = "gnu++17";
				CLANG_ENABLE_MODULES = YES;
				CLANG_ENABLE_OBJC_ARC = YES;
				CLANG_ENABLE_OBJC_WEAK = YES;
				CLANG_WARN_BLOCK_CAPTURE_AUTORELEASING = YES;
				CLANG_WARN_BOOL_CONVERSION = YES;
				CLANG_WARN_COMMA = YES;
				CLANG_WARN_CONSTANT_CONVERSION = YES;
				CLANG_WARN_DEPRECATED_OBJC_IMPLEMENTATIONS = YES;
				CLANG_WARN_DIRECT_OBJC_ISA_USAGE = YES_ERROR;
				CLANG_WARN_DOCUMENTATION_COMMENTS = YES;
				CLANG_WARN_EMPTY_BODY = YES;
				CLANG_WARN_ENUM_CONVERSION = YES;
				CLANG_WARN_INFINITE_RECURSION = YES;
				CLANG_WARN_INT_CONVERSION = YES;
				CLANG_WARN_NON_LITERAL_NULL_CONVERSION = YES;
				CLANG_WARN_OBJC_IMPLICIT_RETAIN_SELF = YES;
				CLANG_WARN_OBJC_LITERAL_CONVERSION = YES;
				CLANG_WARN_OBJC_ROOT_CLASS = YES_ERROR;
				CLANG_WARN_QUOTED_INCLUDE_IN_FRAMEWORK_HEADER = YES;
				CLANG_WARN_RANGE_LOOP_ANALYSIS = YES;
				CLANG_WARN_STRICT_PROTOTYPES = YES;
				CLANG_WARN_SUSPICIOUS_MOVE = YES;
				CLANG_WARN_UNGUARDED_AVAILABILITY = YES_AGGRESSIVE;
				CLANG_WARN_UNREACHABLE_CODE = YES;
				CLANG_WARN__DUPLICATE_METHOD_MATCH = YES;
				COPY_PHASE_STRIP = NO;
				DEBUG_INFORMATION_FORMAT = "dwarf-with-dsym";
				ENABLE_NS_ASSERTIONS = NO;
				ENABLE_STRICT_OBJC_MSGSEND = YES;
				GCC_C_LANGUAGE_STANDARD = gnu11;
				GCC_NO_COMMON_BLOCKS = YES;
				GCC_WARN_64_TO_32_BIT_CONVERSION = YES;
				GCC_WARN_ABOUT_RETURN_TYPE = YES_ERROR;
				GCC_WARN_UNDECLARED_SELECTOR = YES;
				GCC_WARN_UNINITIALIZED_AUTOS = YES_AGGRESSIVE;
				GCC_WARN_UNUSED_FUNCTION = YES;
				GCC_WARN_UNUSED_VARIABLE = YES;
				MTL_ENABLE_DEBUG_INFO = NO;
				MTL_FAST_MATH = YES;
				SDKROOT = iphoneos;
				SWIFT_COMPILATION_MODE = wholemodule;
				SWIFT_OPTIMIZATION_LEVEL = "-O";
				VALIDATE_PRODUCT = YES;
			};
			name = Release;
		};
		2F9BE4D42AD9361B006158F8 /* Debug */ = {
			isa = XCBuildConfiguration;
			buildSettings = {
				ASSETCATALOG_COMPILER_COMPLICATION_NAME = Complication;
				CODE_SIGN_STYLE = Automatic;
				CURRENT_PROJECT_VERSION = 1;
				DEVELOPMENT_ASSET_PATHS = "\"hello WatchKit Extension/Preview Content\"";
				DEVELOPMENT_TEAM = CKP795HFAF;
				ENABLE_PREVIEWS = YES;
				GENERATE_INFOPLIST_FILE = YES;
				INFOPLIST_FILE = "hello WatchKit Extension/Info.plist";
				INFOPLIST_KEY_CFBundleDisplayName = "hello WatchKit Extension";
				INFOPLIST_KEY_CLKComplicationPrincipalClass = "$(PRODUCT_MODULE_NAME).ComplicationController";
				INFOPLIST_KEY_NSHumanReadableCopyright = "";
				INFOPLIST_KEY_WKWatchOnly = YES;
				LD_RUNPATH_SEARCH_PATHS = (
					"$(inherited)",
					"@executable_path/Frameworks",
					"@executable_path/../../Frameworks",
				);
				MARKETING_VERSION = 1.0;
				PRODUCT_BUNDLE_IDENTIFIER = test1.hello.watchkitapp.watchkitextension;
				PRODUCT_NAME = "${TARGET_NAME}";
				SDKROOT = watchos;
				SKIP_INSTALL = YES;
				SWIFT_EMIT_LOC_STRINGS = YES;
				SWIFT_VERSION = 5.0;
				TARGETED_DEVICE_FAMILY = 4;
				WATCHOS_DEPLOYMENT_TARGET = 8.5;
			};
			name = Debug;
		};
		2F9BE4D52AD9361B006158F8 /* Release */ = {
			isa = XCBuildConfiguration;
			buildSettings = {
				ASSETCATALOG_COMPILER_COMPLICATION_NAME = Complication;
				CODE_SIGN_STYLE = Automatic;
				CURRENT_PROJECT_VERSION = 1;
				DEVELOPMENT_ASSET_PATHS = "\"hello WatchKit Extension/Preview Content\"";
				DEVELOPMENT_TEAM = CKP795HFAF;
				ENABLE_PREVIEWS = YES;
				GENERATE_INFOPLIST_FILE = YES;
				INFOPLIST_FILE = "hello WatchKit Extension/Info.plist";
				INFOPLIST_KEY_CFBundleDisplayName = "hello WatchKit Extension";
				INFOPLIST_KEY_CLKComplicationPrincipalClass = "$(PRODUCT_MODULE_NAME).ComplicationController";
				INFOPLIST_KEY_NSHumanReadableCopyright = "";
				INFOPLIST_KEY_WKWatchOnly = YES;
				LD_RUNPATH_SEARCH_PATHS = (
					"$(inherited)",
					"@executable_path/Frameworks",
					"@executable_path/../../Frameworks",
				);
				MARKETING_VERSION = 1.0;
				PRODUCT_BUNDLE_IDENTIFIER = test1.hello.watchkitapp.watchkitextension;
				PRODUCT_NAME = "${TARGET_NAME}";
				SDKROOT = watchos;
				SKIP_INSTALL = YES;
				SWIFT_EMIT_LOC_STRINGS = YES;
				SWIFT_VERSION = 5.0;
				TARGETED_DEVICE_FAMILY = 4;
				WATCHOS_DEPLOYMENT_TARGET = 8.5;
			};
			name = Release;
		};
		2F9BE4D82AD9361B006158F8 /* Debug */ = {
			isa = XCBuildConfiguration;
			buildSettings = {
				ALWAYS_EMBED_SWIFT_STANDARD_LIBRARIES = YES;
				ASSETCATALOG_COMPILER_APPICON_NAME = AppIcon;
				ASSETCATALOG_COMPILER_GLOBAL_ACCENT_COLOR_NAME = AccentColor;
				CODE_SIGN_STYLE = Automatic;
				CURRENT_PROJECT_VERSION = 1;
				DEVELOPMENT_TEAM = CKP795HFAF;
				GENERATE_INFOPLIST_FILE = YES;
				IBSC_MODULE = hello_WatchKit_Extension;
				INFOPLIST_KEY_CFBundleDisplayName = "hello WatchKit App";
				INFOPLIST_KEY_UISupportedInterfaceOrientations = "UIInterfaceOrientationPortrait UIInterfaceOrientationPortraitUpsideDown";
				MARKETING_VERSION = 1.0;
				PRODUCT_BUNDLE_IDENTIFIER = test1.hello.watchkitapp;
				PRODUCT_NAME = "$(TARGET_NAME)";
				SDKROOT = watchos;
				SKIP_INSTALL = YES;
				SWIFT_EMIT_LOC_STRINGS = YES;
				SWIFT_VERSION = 5.0;
				TARGETED_DEVICE_FAMILY = 4;
				WATCHOS_DEPLOYMENT_TARGET = 8.5;
			};
			name = Debug;
		};
		2F9BE4D92AD9361B006158F8 /* Release */ = {
			isa = XCBuildConfiguration;
			buildSettings = {
				ALWAYS_EMBED_SWIFT_STANDARD_LIBRARIES = YES;
				ASSETCATALOG_COMPILER_APPICON_NAME = AppIcon;
				ASSETCATALOG_COMPILER_GLOBAL_ACCENT_COLOR_NAME = AccentColor;
				CODE_SIGN_STYLE = Automatic;
				CURRENT_PROJECT_VERSION = 1;
				DEVELOPMENT_TEAM = CKP795HFAF;
				GENERATE_INFOPLIST_FILE = YES;
				IBSC_MODULE = hello_WatchKit_Extension;
				INFOPLIST_KEY_CFBundleDisplayName = "hello WatchKit App";
				INFOPLIST_KEY_UISupportedInterfaceOrientations = "UIInterfaceOrientationPortrait UIInterfaceOrientationPortraitUpsideDown";
				MARKETING_VERSION = 1.0;
				PRODUCT_BUNDLE_IDENTIFIER = test1.hello.watchkitapp;
				PRODUCT_NAME = "$(TARGET_NAME)";
				SDKROOT = watchos;
				SKIP_INSTALL = YES;
				SWIFT_EMIT_LOC_STRINGS = YES;
				SWIFT_VERSION = 5.0;
				TARGETED_DEVICE_FAMILY = 4;
				WATCHOS_DEPLOYMENT_TARGET = 8.5;
			};
			name = Release;
		};
		2F9BE4DC2AD9361B006158F8 /* Debug */ = {
			isa = XCBuildConfiguration;
			buildSettings = {
				CODE_SIGN_STYLE = Automatic;
				CURRENT_PROJECT_VERSION = 1;
				DEVELOPMENT_TEAM = CKP795HFAF;
				MARKETING_VERSION = 1.0;
				PRODUCT_BUNDLE_IDENTIFIER = test1.hello;
				PRODUCT_NAME = "$(TARGET_NAME)";
				SWIFT_VERSION = 5.0;
			};
			name = Debug;
		};
		2F9BE4DD2AD9361B006158F8 /* Release */ = {
			isa = XCBuildConfiguration;
			buildSettings = {
				CODE_SIGN_STYLE = Automatic;
				CURRENT_PROJECT_VERSION = 1;
				DEVELOPMENT_TEAM = CKP795HFAF;
				MARKETING_VERSION = 1.0;
				PRODUCT_BUNDLE_IDENTIFIER = test1.hello;
				PRODUCT_NAME = "$(TARGET_NAME)";
				SWIFT_VERSION = 5.0;
			};
			name = Release;
		};
		2F9BE4DF2AD9361B006158F8 /* Debug */ = {
			isa = XCBuildConfiguration;
			buildSettings = {
				ALWAYS_EMBED_SWIFT_STANDARD_LIBRARIES = YES;
				BUNDLE_LOADER = "$(TEST_HOST)";
				CODE_SIGN_STYLE = Automatic;
				CURRENT_PROJECT_VERSION = 1;
				GENERATE_INFOPLIST_FILE = YES;
				MARKETING_VERSION = 1.0;
				PRODUCT_BUNDLE_IDENTIFIER = test1.helloTests;
				PRODUCT_NAME = "$(TARGET_NAME)";
				SDKROOT = watchos;
				SWIFT_EMIT_LOC_STRINGS = NO;
				SWIFT_VERSION = 5.0;
				TARGETED_DEVICE_FAMILY = 4;
				TEST_HOST = "$(BUILT_PRODUCTS_DIR)/hello WatchKit Extension.appex/hello WatchKit Extension";
				WATCHOS_DEPLOYMENT_TARGET = 8.5;
			};
			name = Debug;
		};
		2F9BE4E02AD9361B006158F8 /* Release */ = {
			isa = XCBuildConfiguration;
			buildSettings = {
				ALWAYS_EMBED_SWIFT_STANDARD_LIBRARIES = YES;
				BUNDLE_LOADER = "$(TEST_HOST)";
				CODE_SIGN_STYLE = Automatic;
				CURRENT_PROJECT_VERSION = 1;
				GENERATE_INFOPLIST_FILE = YES;
				MARKETING_VERSION = 1.0;
				PRODUCT_BUNDLE_IDENTIFIER = test1.helloTests;
				PRODUCT_NAME = "$(TARGET_NAME)";
				SDKROOT = watchos;
				SWIFT_EMIT_LOC_STRINGS = NO;
				SWIFT_VERSION = 5.0;
				TARGETED_DEVICE_FAMILY = 4;
				TEST_HOST = "$(BUILT_PRODUCTS_DIR)/hello WatchKit Extension.appex/hello WatchKit Extension";
				WATCHOS_DEPLOYMENT_TARGET = 8.5;
			};
			name = Release;
		};
		2F9BE4E22AD9361B006158F8 /* Debug */ = {
			isa = XCBuildConfiguration;
			buildSettings = {
				CODE_SIGN_STYLE = Automatic;
				CURRENT_PROJECT_VERSION = 1;
				GENERATE_INFOPLIST_FILE = YES;
				MARKETING_VERSION = 1.0;
				PRODUCT_BUNDLE_IDENTIFIER = test1.helloUITests;
				PRODUCT_NAME = "$(TARGET_NAME)";
				SDKROOT = watchos;
				SWIFT_EMIT_LOC_STRINGS = NO;
				SWIFT_VERSION = 5.0;
				TARGETED_DEVICE_FAMILY = 4;
				TEST_TARGET_NAME = "hello WatchKit App";
				WATCHOS_DEPLOYMENT_TARGET = 8.5;
			};
			name = Debug;
		};
		2F9BE4E32AD9361B006158F8 /* Release */ = {
			isa = XCBuildConfiguration;
			buildSettings = {
				CODE_SIGN_STYLE = Automatic;
				CURRENT_PROJECT_VERSION = 1;
				GENERATE_INFOPLIST_FILE = YES;
				MARKETING_VERSION = 1.0;
				PRODUCT_BUNDLE_IDENTIFIER = test1.helloUITests;
				PRODUCT_NAME = "$(TARGET_NAME)";
				SDKROOT = watchos;
				SWIFT_EMIT_LOC_STRINGS = NO;
				SWIFT_VERSION = 5.0;
				TARGETED_DEVICE_FAMILY = 4;
				TEST_TARGET_NAME = "hello WatchKit App";
				WATCHOS_DEPLOYMENT_TARGET = 8.5;
			};
			name = Release;
		};
/* End XCBuildConfiguration section */

/* Begin XCConfigurationList section */
		2F9BE4932AD93615006158F8 /* Build configuration list for PBXProject "hello" */ = {
			isa = XCConfigurationList;
			buildConfigurations = (
				2F9BE4D12AD9361B006158F8 /* Debug */,
				2F9BE4D22AD9361B006158F8 /* Release */,
			);
			defaultConfigurationIsVisible = 0;
			defaultConfigurationName = Release;
		};
		2F9BE4D32AD9361B006158F8 /* Build configuration list for PBXNativeTarget "hello WatchKit Extension" */ = {
			isa = XCConfigurationList;
			buildConfigurations = (
				2F9BE4D42AD9361B006158F8 /* Debug */,
				2F9BE4D52AD9361B006158F8 /* Release */,
			);
			defaultConfigurationIsVisible = 0;
			defaultConfigurationName = Release;
		};
		2F9BE4D72AD9361B006158F8 /* Build configuration list for PBXNativeTarget "hello WatchKit App" */ = {
			isa = XCConfigurationList;
			buildConfigurations = (
				2F9BE4D82AD9361B006158F8 /* Debug */,
				2F9BE4D92AD9361B006158F8 /* Release */,
			);
			defaultConfigurationIsVisible = 0;
			defaultConfigurationName = Release;
		};
		2F9BE4DB2AD9361B006158F8 /* Build configuration list for PBXNativeTarget "hello" */ = {
			isa = XCConfigurationList;
			buildConfigurations = (
				2F9BE4DC2AD9361B006158F8 /* Debug */,
				2F9BE4DD2AD9361B006158F8 /* Release */,
			);
			defaultConfigurationIsVisible = 0;
			defaultConfigurationName = Release;
		};
		2F9BE4DE2AD9361B006158F8 /* Build configuration list for PBXNativeTarget "helloTests" */ = {
			isa = XCConfigurationList;
			buildConfigurations = (
				2F9BE4DF2AD9361B006158F8 /* Debug */,
				2F9BE4E02AD9361B006158F8 /* Release */,
			);
			defaultConfigurationIsVisible = 0;
			defaultConfigurationName = Release;
		};
		2F9BE4E12AD9361B006158F8 /* Build configuration list for PBXNativeTarget "helloUITests" */ = {
			isa = XCConfigurationList;
			buildConfigurations = (
				2F9BE4E22AD9361B006158F8 /* Debug */,
				2F9BE4E32AD9361B006158F8 /* Release */,
			);
			defaultConfigurationIsVisible = 0;
			defaultConfigurationName = Release;
		};
/* End XCConfigurationList section */
	};
	rootObject = 2F9BE4902AD93615006158F8 /* Project object */;
}
